
Microsoft Visual Studio Solution File, Format Version 12.00
# Visual Studio Version 17
VisualStudioVersion = 17.10.35013.160
MinimumVisualStudioVersion = 10.0.40219.1
Project("{FAE04EC0-301F-11D3-BF4B-00C04F79EFBC}") = "project2", "project2\project2.csproj", "{C3AA6459-B76A-4A27-B4E3-E1735D143CF3}"
EndProject
Global
	GlobalSection(SolutionConfigurationPlatforms) = preSolution
		Debug|Any CPU = Debug|Any CPU
		Release|Any CPU = Release|Any CPU
	EndGlobalSection
	GlobalSection(ProjectConfigurationPlatforms) = postSolution
		{C3AA6459-B76A-4A27-B4E3-E1735D143CF3}.Debug|Any CPU.ActiveCfg = Debug|Any CPU
		{C3AA6459-B76A-4A27-B4E3-E1735D143CF3}.Debug|Any CPU.Build.0 = Debug|Any CPU
		{C3AA6459-B76A-4A27-B4E3-E1735D143CF3}.Release|Any CPU.ActiveCfg = Release|Any CPU
		{C3AA6459-B76A-4A27-B4E3-E1735D143CF3}.Release|Any CPU.Build.0 = Release|Any CPU
	EndGlobalSection
	GlobalSection(SolutionProperties) = preSolution
		HideSolutionNode = FALSE
	EndGlobalSection
	GlobalSection(ExtensibilityGlobals) = postSolution
		SolutionGuid = {2A33B5B6-2811-4A69-B4FC-D21F192A3C4F}
	EndGlobalSection
EndGlobal
